<?xml version="1.0" encoding="utf-8"?>
<Project ToolsVersion="4.0" xmlns="http://schemas.microsoft.com/developer/msbuild/2003">
  <ItemGroup>
    <Filter Include="10_Core">
      <UniqueIdentifier>{ca0b319e-cd19-4eb0-8498-48145317338e}</UniqueIdentifier>
    </Filter>
    <Filter Include="20_Resource">
      <UniqueIdentifier>{9c32c8cd-ac3a-42a6-b840-bd42556069ee}</UniqueIdentifier>
    </Filter>
    <Filter Include="00_App">
      <UniqueIdentifier>{6fd9ba93-970b-4848-b794-a2c0138a4269}</UniqueIdentifier>
    </Filter>
    <Filter Include="30_GamePlay">
      <UniqueIdentifier>{23319d94-2cb1-40c6-9422-dbf57f21e91b}</UniqueIdentifier>
    </Filter>
    <Filter Include="10_Core\Math">
      <UniqueIdentifier>{61dea1de-fbd2-445a-b60b-0f1e96deedc2}</UniqueIdentifier>
    </Filter>
    <Filter Include="MyEngine">
      <UniqueIdentifier>{0507b2f9-e35d-4a79-a16f-b3ee444318c4}</UniqueIdentifier>
    </Filter>
  </ItemGroup>
  <ItemGroup>
    <ClCompile Include="main.cpp">
      <Filter>00_App</Filter>
    </ClCompile>
    <ClCompile Include="Input.cpp">
      <Filter>10_Core</Filter>
    </ClCompile>
    <ClCompile Include="Flag.cpp">
      <Filter>30_GamePlay</Filter>
    </ClCompile>
    <ClCompile Include="Render.cpp">
      <Filter>10_Core</Filter>
    </ClCompile>
    <ClCompile Include="GameContext.cpp">
      <Filter>10_Core</Filter>
    </ClCompile>
    <ClCompile Include="RootSignature.cpp">
      <Filter>MyEngine</Filter>
    </ClCompile>
    <ClCompile Include="Reel.cpp">
      <Filter>30_GamePlay</Filter>
    </ClCompile>
    <ClCompile Include="DeviceManager.cpp">
      <Filter>MyEngine</Filter>
    </ClCompile>
    <ClCompile Include="CommandQueue.cpp">
      <Filter>MyEngine</Filter>
    </ClCompile>
    <ClCompile Include="CommandAllocator.cpp">
      <Filter>MyEngine</Filter>
    </ClCompile>
    <ClCompile Include="CommandList.cpp">
      <Filter>MyEngine</Filter>
    </ClCompile>
    <ClCompile Include="Fence.cpp">
      <Filter>MyEngine</Filter>
    </ClCompile>
    <ClCompile Include="SwapChain.cpp">
      <Filter>MyEngine</Filter>
    </ClCompile>
    <ClCompile Include="RenderTargetView.cpp">
      <Filter>MyEngine</Filter>
    </ClCompile>
    <ClCompile Include="PipelineState.cpp">
      <Filter>MyEngine</Filter>
    </ClCompile>
    <ClCompile Include="ConstantBuffer.cpp">
      <Filter>MyEngine</Filter>
    </ClCompile>
    <ClCompile Include="TextureSRV.cpp">
      <Filter>MyEngine</Filter>
    </ClCompile>
    <ClCompile Include="DescriptorHeap_CBV_SRV.cpp">
      <Filter>MyEngine</Filter>
    </ClCompile>
    <ClCompile Include="VertexBuffer.cpp">
      <Filter>MyEngine</Filter>
    </ClCompile>
    <ClCompile Include="IndexBuffer.cpp">
      <Filter>MyEngine</Filter>
    </ClCompile>
  </ItemGroup>
  <ItemGroup>
    <ClInclude Include="Input.h">
      <Filter>10_Core</Filter>
    </ClInclude>
    <ClInclude Include="WindowManager.h">
      <Filter>10_Core</Filter>
    </ClInclude>
    <ClInclude Include="Flag.h">
      <Filter>30_GamePlay</Filter>
    </ClInclude>
    <ClInclude Include="Random.h">
      <Filter>10_Core\Math</Filter>
    </ClInclude>
    <ClInclude Include="Render.h">
      <Filter>10_Core</Filter>
    </ClInclude>
    <ClInclude Include="GameContext.h">
      <Filter>10_Core</Filter>
    </ClInclude>
    <ClInclude Include="Consts.h">
      <Filter>10_Core</Filter>
    </ClInclude>
    <ClInclude Include="RootSignature.h">
      <Filter>MyEngine</Filter>
    </ClInclude>
    <ClInclude Include="Reel.h">
      <Filter>30_GamePlay</Filter>
    </ClInclude>
    <ClInclude Include="ComPtr.h">
      <Filter>MyEngine</Filter>
    </ClInclude>
    <ClInclude Include="DeviceManager.h">
      <Filter>MyEngine</Filter>
    </ClInclude>
    <ClInclude Include="CommandQueue.h">
      <Filter>MyEngine</Filter>
    </ClInclude>
    <ClInclude Include="CommandAllocator.h">
      <Filter>MyEngine</Filter>
    </ClInclude>
    <ClInclude Include="CommandList.h">
      <Filter>MyEngine</Filter>
    </ClInclude>
    <ClInclude Include="Fence.h">
      <Filter>MyEngine</Filter>
    </ClInclude>
    <ClInclude Include="SwapChain.h">
      <Filter>MyEngine</Filter>
    </ClInclude>
    <ClInclude Include="RenderTargetView.h">
      <Filter>MyEngine</Filter>
    </ClInclude>
    <ClInclude Include="PipelineState.h">
      <Filter>MyEngine</Filter>
    </ClInclude>
    <ClInclude Include="ConstantBuffer.h">
      <Filter>MyEngine</Filter>
    </ClInclude>
    <ClInclude Include="TextureSRV.h">
      <Filter>MyEngine</Filter>
    </ClInclude>
    <ClInclude Include="DescriptorHeap_CBV_SRV.h">
      <Filter>MyEngine</Filter>
    </ClInclude>
    <ClInclude Include="VertexBuffer.h">
      <Filter>MyEngine</Filter>
    </ClInclude>
    <ClInclude Include="IndexBuffer.h">
      <Filter>MyEngine</Filter>
    </ClInclude>
  </ItemGroup>
</Project>